
Microsoft Visual Studio Solution File, Format Version 12.00
# Visual Studio Version 16
VisualStudioVersion = 16.0.29209.62
MinimumVisualStudioVersion = 10.0.40219.1
Project("{FAE04EC0-301F-11D3-BF4B-00C04F79EFBC}") = "WebServices", "WebServices\WebServices.csproj", "{4FE2954E-BE0B-4E7D-8DFF-53AD6D50BBD4}"
EndProject
Project("{FAE04EC0-301F-11D3-BF4B-00C04F79EFBC}") = "UnitTests", "UnitTests\UnitTests.csproj", "{A54204A0-374E-444C-A428-F07B36B61FD5}"
EndProject
Project("{FAE04EC0-301F-11D3-BF4B-00C04F79EFBC}") = "ConsoleClient", "ConsoleClient\ConsoleClient.csproj", "{E7529A7C-336A-49CF-AAC0-EAD618EE7609}"
	ProjectSection(ProjectDependencies) = postProject
		{4FE2954E-BE0B-4E7D-8DFF-53AD6D50BBD4} = {4FE2954E-BE0B-4E7D-8DFF-53AD6D50BBD4}
	EndProjectSection
EndProject
Project("{FAE04EC0-301F-11D3-BF4B-00C04F79EFBC}") = "WindowsFormClient", "WindowsFormClient\WindowsFormClient.csproj", "{FA993E16-80DE-4616-8007-2EC9B6246A8C}"
	ProjectSection(ProjectDependencies) = postProject
		{4FE2954E-BE0B-4E7D-8DFF-53AD6D50BBD4} = {4FE2954E-BE0B-4E7D-8DFF-53AD6D50BBD4}
	EndProjectSection
EndProject
Global
	GlobalSection(SolutionConfigurationPlatforms) = preSolution
		Debug|Any CPU = Debug|Any CPU
		Release|Any CPU = Release|Any CPU
	EndGlobalSection
	GlobalSection(ProjectConfigurationPlatforms) = postSolution
		{4FE2954E-BE0B-4E7D-8DFF-53AD6D50BBD4}.Debug|Any CPU.ActiveCfg = Debug|Any CPU
		{4FE2954E-BE0B-4E7D-8DFF-53AD6D50BBD4}.Debug|Any CPU.Build.0 = Debug|Any CPU
		{4FE2954E-BE0B-4E7D-8DFF-53AD6D50BBD4}.Release|Any CPU.ActiveCfg = Release|Any CPU
		{4FE2954E-BE0B-4E7D-8DFF-53AD6D50BBD4}.Release|Any CPU.Build.0 = Release|Any CPU
		{A54204A0-374E-444C-A428-F07B36B61FD5}.Debug|Any CPU.ActiveCfg = Debug|Any CPU
		{A54204A0-374E-444C-A428-F07B36B61FD5}.Debug|Any CPU.Build.0 = Debug|Any CPU
		{A54204A0-374E-444C-A428-F07B36B61FD5}.Release|Any CPU.ActiveCfg = Release|Any CPU
		{A54204A0-374E-444C-A428-F07B36B61FD5}.Release|Any CPU.Build.0 = Release|Any CPU
		{E7529A7C-336A-49CF-AAC0-EAD618EE7609}.Debug|Any CPU.ActiveCfg = Debug|Any CPU
		{E7529A7C-336A-49CF-AAC0-EAD618EE7609}.Debug|Any CPU.Build.0 = Debug|Any CPU
		{E7529A7C-336A-49CF-AAC0-EAD618EE7609}.Release|Any CPU.ActiveCfg = Release|Any CPU
		{E7529A7C-336A-49CF-AAC0-EAD618EE7609}.Release|Any CPU.Build.0 = Release|Any CPU
		{FA993E16-80DE-4616-8007-2EC9B6246A8C}.Debug|Any CPU.ActiveCfg = Debug|Any CPU
		{FA993E16-80DE-4616-8007-2EC9B6246A8C}.Debug|Any CPU.Build.0 = Debug|Any CPU
		{FA993E16-80DE-4616-8007-2EC9B6246A8C}.Release|Any CPU.ActiveCfg = Release|Any CPU
		{FA993E16-80DE-4616-8007-2EC9B6246A8C}.Release|Any CPU.Build.0 = Release|Any CPU
	EndGlobalSection
	GlobalSection(SolutionProperties) = preSolution
		HideSolutionNode = FALSE
	EndGlobalSection
	GlobalSection(ExtensibilityGlobals) = postSolution
		SolutionGuid = {420F7673-1E55-4EFF-9E4F-82AE6055F5A5}
	EndGlobalSection
EndGlobal
